
Microsoft Visual Studio Solution File, Format Version 12.00
# Visual Studio Version 16
VisualStudioVersion = 16.0.29009.5
MinimumVisualStudioVersion = 10.0.40219.1
Project("{FAE04EC0-301F-11D3-BF4B-00C04F79EFBC}") = "HRMS", "HRMS\HRMS.csproj", "{0A7B883D-7ED0-4D5B-B759-0A7B1F7E1403}"
EndProject
Global
	GlobalSection(SolutionConfigurationPlatforms) = preSolution
		Debug|Any CPU = Debug|Any CPU
		Release|Any CPU = Release|Any CPU
	EndGlobalSection
	GlobalSection(ProjectConfigurationPlatforms) = postSolution
		{0A7B883D-7ED0-4D5B-B759-0A7B1F7E1403}.Debug|Any CPU.ActiveCfg = Debug|Any CPU
		{0A7B883D-7ED0-4D5B-B759-0A7B1F7E1403}.Debug|Any CPU.Build.0 = Debug|Any CPU
		{0A7B883D-7ED0-4D5B-B759-0A7B1F7E1403}.Release|Any CPU.ActiveCfg = Release|Any CPU
		{0A7B883D-7ED0-4D5B-B759-0A7B1F7E1403}.Release|Any CPU.Build.0 = Release|Any CPU
	EndGlobalSection
	GlobalSection(SolutionProperties) = preSolution
		HideSolutionNode = FALSE
	EndGlobalSection
	GlobalSection(ExtensibilityGlobals) = postSolution
		SolutionGuid = {D7D77E11-A265-4CA0-BFCC-0088FC3B0E5B}
	EndGlobalSection
EndGlobal
